Microsoft Visual Studio Solution File, Format Version 12.00
# Visual Studio Version 17
VisualStudioVersion = 17.2.32602.215
MinimumVisualStudioVersion = 16.0.0.0
Project("{9A19103F-16F7-4668-BE54-9A1E7A4F7556}") = "TestAppLesson4.Server", "Server\TestAppLesson4.Server.csproj", "{71936366-BB42-4582-B1D6-A54EF6E4231C}"
EndProject
Project("{9A19103F-16F7-4668-BE54-9A1E7A4F7556}") = "TestAppLesson4.Client", "Client\TestAppLesson4.Client.csproj", "{4163B9D7-E29F-4B49-9549-AE6D6EDE6DA2}"
EndProject
Global
	GlobalSection(SolutionConfigurationPlatforms) = preSolution
		Debug|Any CPU = Debug|Any CPU
		Debug|x64 = Debug|x64
		Debug|x86 = Debug|x86
		Release|Any CPU = Release|Any CPU
		Release|x64 = Release|x64
		Release|x86 = Release|x86
	EndGlobalSection
	GlobalSection(ProjectConfigurationPlatforms) = postSolution
		{71936366-BB42-4582-B1D6-A54EF6E4231C}.Debug|Any CPU.ActiveCfg = Debug|Any CPU
		{71936366-BB42-4582-B1D6-A54EF6E4231C}.Debug|Any CPU.Build.0 = Debug|Any CPU
		{71936366-BB42-4582-B1D6-A54EF6E4231C}.Debug|x64.ActiveCfg = Debug|Any CPU
		{71936366-BB42-4582-B1D6-A54EF6E4231C}.Debug|x64.Build.0 = Debug|Any CPU
		{71936366-BB42-4582-B1D6-A54EF6E4231C}.Debug|x86.ActiveCfg = Debug|Any CPU
		{71936366-BB42-4582-B1D6-A54EF6E4231C}.Debug|x86.Build.0 = Debug|Any CPU
		{71936366-BB42-4582-B1D6-A54EF6E4231C}.Release|Any CPU.ActiveCfg = Release|Any CPU
		{71936366-BB42-4582-B1D6-A54EF6E4231C}.Release|Any CPU.Build.0 = Release|Any CPU
		{71936366-BB42-4582-B1D6-A54EF6E4231C}.Release|x64.ActiveCfg = Release|Any CPU
		{71936366-BB42-4582-B1D6-A54EF6E4231C}.Release|x64.Build.0 = Release|Any CPU
		{71936366-BB42-4582-B1D6-A54EF6E4231C}.Release|x86.ActiveCfg = Release|Any CPU
		{71936366-BB42-4582-B1D6-A54EF6E4231C}.Release|x86.Build.0 = Release|Any CPU
		{4163B9D7-E29F-4B49-9549-AE6D6EDE6DA2}.Debug|Any CPU.ActiveCfg = Debug|Any CPU
		{4163B9D7-E29F-4B49-9549-AE6D6EDE6DA2}.Debug|Any CPU.Build.0 = Debug|Any CPU
		{4163B9D7-E29F-4B49-9549-AE6D6EDE6DA2}.Debug|x64.ActiveCfg = Debug|Any CPU
		{4163B9D7-E29F-4B49-9549-AE6D6EDE6DA2}.Debug|x64.Build.0 = Debug|Any CPU
		{4163B9D7-E29F-4B49-9549-AE6D6EDE6DA2}.Debug|x86.ActiveCfg = Debug|Any CPU
		{4163B9D7-E29F-4B49-9549-AE6D6EDE6DA2}.Debug|x86.Build.0 = Debug|Any CPU
		{4163B9D7-E29F-4B49-9549-AE6D6EDE6DA2}.Release|Any CPU.ActiveCfg = Release|Any CPU
		{4163B9D7-E29F-4B49-9549-AE6D6EDE6DA2}.Release|Any CPU.Build.0 = Release|Any CPU
		{4163B9D7-E29F-4B49-9549-AE6D6EDE6DA2}.Release|x64.ActiveCfg = Release|Any CPU
		{4163B9D7-E29F-4B49-9549-AE6D6EDE6DA2}.Release|x64.Build.0 = Release|Any CPU
		{4163B9D7-E29F-4B49-9549-AE6D6EDE6DA2}.Release|x86.ActiveCfg = Release|Any CPU
		{4163B9D7-E29F-4B49-9549-AE6D6EDE6DA2}.Release|x86.Build.0 = Release|Any CPU
	EndGlobalSection
	GlobalSection(SolutionProperties) = preSolution
		HideSolutionNode = FALSE
	EndGlobalSection
	GlobalSection(ExtensibilityGlobals) = postSolution
		SolutionGuid = {E34D56FD-DB23-4653-A401-F6D1264DCFFC}
	EndGlobalSection
EndGlobal
